
Microsoft Visual Studio Solution File, Format Version 12.00
# Visual Studio Version 17
VisualStudioVersion = 17.11.35222.181
MinimumVisualStudioVersion = 10.0.40219.1
Project("{FAE04EC0-301F-11D3-BF4B-00C04F79EFBC}") = "ChooseNeuralVacillator", "ChooseNeuralVacillator\ChooseNeuralVacillator.csproj", "{31D90A97-A86C-4C1F-A4D3-C6B53CF20DBD}"
EndProject
Project("{FAE04EC0-301F-11D3-BF4B-00C04F79EFBC}") = "TranslationFix", "TranslationFix\TranslationFix.csproj", "{7488DA6D-1DCD-4E1E-A852-2CF12D67509F}"
EndProject
Project("{2150E333-8FDC-42A3-9474-1A3956D46DE8}") = "解决方案项", "解决方案项", "{EC48B114-0B83-4138-9336-B1E0831390FB}"
	ProjectSection(SolutionItems) = preProject
		.gitattributes = .gitattributes
		.gitignore = .gitignore
		LICENSE = LICENSE
		README.md = README.md
	EndProjectSection
EndProject
Global
	GlobalSection(SolutionConfigurationPlatforms) = preSolution
		Debug|Any CPU = Debug|Any CPU
		Release|Any CPU = Release|Any CPU
	EndGlobalSection
	GlobalSection(ProjectConfigurationPlatforms) = postSolution
		{31D90A97-A86C-4C1F-A4D3-C6B53CF20DBD}.Debug|Any CPU.ActiveCfg = Debug|Any CPU
		{31D90A97-A86C-4C1F-A4D3-C6B53CF20DBD}.Debug|Any CPU.Build.0 = Debug|Any CPU
		{31D90A97-A86C-4C1F-A4D3-C6B53CF20DBD}.Release|Any CPU.ActiveCfg = Release|Any CPU
		{31D90A97-A86C-4C1F-A4D3-C6B53CF20DBD}.Release|Any CPU.Build.0 = Release|Any CPU
		{7488DA6D-1DCD-4E1E-A852-2CF12D67509F}.Debug|Any CPU.ActiveCfg = Debug|Any CPU
		{7488DA6D-1DCD-4E1E-A852-2CF12D67509F}.Debug|Any CPU.Build.0 = Debug|Any CPU
		{7488DA6D-1DCD-4E1E-A852-2CF12D67509F}.Release|Any CPU.ActiveCfg = Release|Any CPU
		{7488DA6D-1DCD-4E1E-A852-2CF12D67509F}.Release|Any CPU.Build.0 = Release|Any CPU
	EndGlobalSection
	GlobalSection(SolutionProperties) = preSolution
		HideSolutionNode = FALSE
	EndGlobalSection
	GlobalSection(ExtensibilityGlobals) = postSolution
		SolutionGuid = {D4633515-F2F4-417F-B7AC-52B3E478563B}
	EndGlobalSection
EndGlobal
